
Microsoft Visual Studio Solution File, Format Version 12.00
# Visual Studio Version 16
VisualStudioVersion = 16.0.32901.82
MinimumVisualStudioVersion = 10.0.40219.1
Project("{FAE04EC0-301F-11D3-BF4B-00C04F79EFBC}") = "Bootcamp-Calculator", "Bootcamp-Calculator\Bootcamp-Calculator.csproj", "{93E02A25-3F31-4806-ADFE-122627D502A7}"
EndProject
Global
	GlobalSection(SolutionConfigurationPlatforms) = preSolution
		Debug|Any CPU = Debug|Any CPU
		Release|Any CPU = Release|Any CPU
	EndGlobalSection
	GlobalSection(ProjectConfigurationPlatforms) = postSolution
		{93E02A25-3F31-4806-ADFE-122627D502A7}.Debug|Any CPU.ActiveCfg = Debug|Any CPU
		{93E02A25-3F31-4806-ADFE-122627D502A7}.Debug|Any CPU.Build.0 = Debug|Any CPU
		{93E02A25-3F31-4806-ADFE-122627D502A7}.Release|Any CPU.ActiveCfg = Release|Any CPU
		{93E02A25-3F31-4806-ADFE-122627D502A7}.Release|Any CPU.Build.0 = Release|Any CPU
	EndGlobalSection
	GlobalSection(SolutionProperties) = preSolution
		HideSolutionNode = FALSE
	EndGlobalSection
	GlobalSection(ExtensibilityGlobals) = postSolution
		SolutionGuid = {91195469-CE01-4D21-8E73-B2D229DA9EEB}
	EndGlobalSection
EndGlobal
